
Microsoft Visual Studio Solution File, Format Version 12.00
# Visual Studio Version 17
VisualStudioVersion = 17.3.32804.467
MinimumVisualStudioVersion = 10.0.40219.1
Project("{FAE04EC0-301F-11D3-BF4B-00C04F79EFBC}") = "BulletJournal", "BulletJournal\BulletJournal.csproj", "{147AD0A3-E3AA-4B95-9CC9-A1341B74FECE}"
EndProject
Project("{9A19103F-16F7-4668-BE54-9A1E7A4F7556}") = "BulletJournal.API", "BulletJournal.API\BulletJournal.API.csproj", "{B4FF57AF-29EB-400A-B153-748F9AA9F04D}"
EndProject
Project("{9A19103F-16F7-4668-BE54-9A1E7A4F7556}") = "BulletJournal.Core", "BulletJournal.Core\BulletJournal.Core.csproj", "{1C3E055C-D80C-458A-92D1-8F8E92DED989}"
EndProject
Project("{9A19103F-16F7-4668-BE54-9A1E7A4F7556}") = "BulletJournal.Data", "BulletJournal.Data\BulletJournal.Data.csproj", "{DFA6869A-48F2-45EC-A9B3-7A3ADE374844}"
EndProject
Project("{2150E333-8FDC-42A3-9474-1A3956D46DE8}") = "Solution Items", "Solution Items", "{FA71B4ED-E087-40DB-A9E0-8DB6ED88350C}"
	ProjectSection(SolutionItems) = preProject
		.editorconfig = .editorconfig
	EndProjectSection
EndProject
Project("{9A19103F-16F7-4668-BE54-9A1E7A4F7556}") = "BulletJournal.Models", "BulletJournal.Models\BulletJournal.Models.csproj", "{765E7996-523C-4DF6-B5A8-564B925EFB1F}"
EndProject
Project("{9A19103F-16F7-4668-BE54-9A1E7A4F7556}") = "BulletJournal.Web", "BulletJournal.Web\BulletJournal.Web.csproj", "{8AB6C129-E78F-4BD3-8918-13C11481DDD8}"
EndProject
Global
	GlobalSection(SolutionConfigurationPlatforms) = preSolution
		Debug|Any CPU = Debug|Any CPU
		Release|Any CPU = Release|Any CPU
	EndGlobalSection
	GlobalSection(ProjectConfigurationPlatforms) = postSolution
		{147AD0A3-E3AA-4B95-9CC9-A1341B74FECE}.Debug|Any CPU.ActiveCfg = Debug|Any CPU
		{147AD0A3-E3AA-4B95-9CC9-A1341B74FECE}.Debug|Any CPU.Build.0 = Debug|Any CPU
		{147AD0A3-E3AA-4B95-9CC9-A1341B74FECE}.Debug|Any CPU.Deploy.0 = Debug|Any CPU
		{147AD0A3-E3AA-4B95-9CC9-A1341B74FECE}.Release|Any CPU.ActiveCfg = Release|Any CPU
		{147AD0A3-E3AA-4B95-9CC9-A1341B74FECE}.Release|Any CPU.Build.0 = Release|Any CPU
		{147AD0A3-E3AA-4B95-9CC9-A1341B74FECE}.Release|Any CPU.Deploy.0 = Release|Any CPU
		{B4FF57AF-29EB-400A-B153-748F9AA9F04D}.Debug|Any CPU.ActiveCfg = Debug|Any CPU
		{B4FF57AF-29EB-400A-B153-748F9AA9F04D}.Debug|Any CPU.Build.0 = Debug|Any CPU
		{B4FF57AF-29EB-400A-B153-748F9AA9F04D}.Release|Any CPU.ActiveCfg = Release|Any CPU
		{B4FF57AF-29EB-400A-B153-748F9AA9F04D}.Release|Any CPU.Build.0 = Release|Any CPU
		{1C3E055C-D80C-458A-92D1-8F8E92DED989}.Debug|Any CPU.ActiveCfg = Debug|Any CPU
		{1C3E055C-D80C-458A-92D1-8F8E92DED989}.Debug|Any CPU.Build.0 = Debug|Any CPU
		{1C3E055C-D80C-458A-92D1-8F8E92DED989}.Release|Any CPU.ActiveCfg = Release|Any CPU
		{1C3E055C-D80C-458A-92D1-8F8E92DED989}.Release|Any CPU.Build.0 = Release|Any CPU
		{DFA6869A-48F2-45EC-A9B3-7A3ADE374844}.Debug|Any CPU.ActiveCfg = Debug|Any CPU
		{DFA6869A-48F2-45EC-A9B3-7A3ADE374844}.Debug|Any CPU.Build.0 = Debug|Any CPU
		{DFA6869A-48F2-45EC-A9B3-7A3ADE374844}.Release|Any CPU.ActiveCfg = Release|Any CPU
		{DFA6869A-48F2-45EC-A9B3-7A3ADE374844}.Release|Any CPU.Build.0 = Release|Any CPU
		{765E7996-523C-4DF6-B5A8-564B925EFB1F}.Debug|Any CPU.ActiveCfg = Debug|Any CPU
		{765E7996-523C-4DF6-B5A8-564B925EFB1F}.Debug|Any CPU.Build.0 = Debug|Any CPU
		{765E7996-523C-4DF6-B5A8-564B925EFB1F}.Release|Any CPU.ActiveCfg = Release|Any CPU
		{765E7996-523C-4DF6-B5A8-564B925EFB1F}.Release|Any CPU.Build.0 = Release|Any CPU
		{8AB6C129-E78F-4BD3-8918-13C11481DDD8}.Debug|Any CPU.ActiveCfg = Debug|Any CPU
		{8AB6C129-E78F-4BD3-8918-13C11481DDD8}.Debug|Any CPU.Build.0 = Debug|Any CPU
		{8AB6C129-E78F-4BD3-8918-13C11481DDD8}.Release|Any CPU.ActiveCfg = Release|Any CPU
		{8AB6C129-E78F-4BD3-8918-13C11481DDD8}.Release|Any CPU.Build.0 = Release|Any CPU
	EndGlobalSection
	GlobalSection(SolutionProperties) = preSolution
		HideSolutionNode = FALSE
	EndGlobalSection
	GlobalSection(ExtensibilityGlobals) = postSolution
		SolutionGuid = {F6FE0509-E61D-40ED-82CD-AD25B00FC612}
	EndGlobalSection
EndGlobal
