
Microsoft Visual Studio Solution File, Format Version 12.00
# Visual Studio Version 16
VisualStudioVersion = 16.0.30804.86
MinimumVisualStudioVersion = 10.0.40219.1
Project("{FAE04EC0-301F-11D3-BF4B-00C04F79EFBC}") = "BulletJournal", "BulletJournal\BulletJournal.csproj", "{147AD0A3-E3AA-4B95-9CC9-A1341B74FECE}"
EndProject
Project("{FAE04EC0-301F-11D3-BF4B-00C04F79EFBC}") = "BulletJournal.API", "BulletJournal.API\BulletJournal.API.csproj", "{B4FF57AF-29EB-400A-B153-748F9AA9F04D}"
EndProject
Project("{FAE04EC0-301F-11D3-BF4B-00C04F79EFBC}") = "BulletJournal.Core", "BulletJournal.Core\BulletJournal.Core.csproj", "{1C3E055C-D80C-458A-92D1-8F8E92DED989}"
EndProject
Project("{FAE04EC0-301F-11D3-BF4B-00C04F79EFBC}") = "BulletJournal.Models", "BulletJournal.Models\BulletJournal.Models.csproj", "{89A16895-3CF4-4F41-9520-AD7B155777FD}"
EndProject
Global
	GlobalSection(SolutionConfigurationPlatforms) = preSolution
		Debug|Any CPU = Debug|Any CPU
		Release|Any CPU = Release|Any CPU
	EndGlobalSection
	GlobalSection(ProjectConfigurationPlatforms) = postSolution
		{147AD0A3-E3AA-4B95-9CC9-A1341B74FECE}.Debug|Any CPU.ActiveCfg = Debug|Any CPU
		{147AD0A3-E3AA-4B95-9CC9-A1341B74FECE}.Debug|Any CPU.Build.0 = Debug|Any CPU
		{147AD0A3-E3AA-4B95-9CC9-A1341B74FECE}.Debug|Any CPU.Deploy.0 = Debug|Any CPU
		{147AD0A3-E3AA-4B95-9CC9-A1341B74FECE}.Release|Any CPU.ActiveCfg = Release|Any CPU
		{147AD0A3-E3AA-4B95-9CC9-A1341B74FECE}.Release|Any CPU.Build.0 = Release|Any CPU
		{147AD0A3-E3AA-4B95-9CC9-A1341B74FECE}.Release|Any CPU.Deploy.0 = Release|Any CPU
		{B4FF57AF-29EB-400A-B153-748F9AA9F04D}.Debug|Any CPU.ActiveCfg = Debug|Any CPU
		{B4FF57AF-29EB-400A-B153-748F9AA9F04D}.Debug|Any CPU.Build.0 = Debug|Any CPU
		{B4FF57AF-29EB-400A-B153-748F9AA9F04D}.Release|Any CPU.ActiveCfg = Release|Any CPU
		{B4FF57AF-29EB-400A-B153-748F9AA9F04D}.Release|Any CPU.Build.0 = Release|Any CPU
		{1C3E055C-D80C-458A-92D1-8F8E92DED989}.Debug|Any CPU.ActiveCfg = Debug|Any CPU
		{1C3E055C-D80C-458A-92D1-8F8E92DED989}.Debug|Any CPU.Build.0 = Debug|Any CPU
		{1C3E055C-D80C-458A-92D1-8F8E92DED989}.Release|Any CPU.ActiveCfg = Release|Any CPU
		{1C3E055C-D80C-458A-92D1-8F8E92DED989}.Release|Any CPU.Build.0 = Release|Any CPU
		{89A16895-3CF4-4F41-9520-AD7B155777FD}.Debug|Any CPU.ActiveCfg = Debug|Any CPU
		{89A16895-3CF4-4F41-9520-AD7B155777FD}.Debug|Any CPU.Build.0 = Debug|Any CPU
		{89A16895-3CF4-4F41-9520-AD7B155777FD}.Release|Any CPU.ActiveCfg = Release|Any CPU
		{89A16895-3CF4-4F41-9520-AD7B155777FD}.Release|Any CPU.Build.0 = Release|Any CPU
	EndGlobalSection
	GlobalSection(SolutionProperties) = preSolution
		HideSolutionNode = FALSE
	EndGlobalSection
	GlobalSection(ExtensibilityGlobals) = postSolution
		SolutionGuid = {F6FE0509-E61D-40ED-82CD-AD25B00FC612}
	EndGlobalSection
EndGlobal
